<?xml version="1.0" encoding="utf-8"?>
<Project ToolsVersion="4.0" xmlns="http://schemas.microsoft.com/developer/msbuild/2003">
  <ItemGroup>
    <Filter Include="Header Files">
      <UniqueIdentifier>{93995380-89BD-4b04-88EB-625FBE52EBFB}</UniqueIdentifier>
      <Extensions>h;hh;hpp;hxx;hm;inl;inc;xsd</Extensions>
    </Filter>
    <Filter Include="Resource Files">
      <UniqueIdentifier>{67DA6AB6-F800-4c08-8B7A-83BB121AAD01}</UniqueIdentifier>
      <Extensions>rc;ico;cur;bmp;dlg;rc2;rct;bin;rgs;gif;jpg;jpeg;jpe;resx;tiff;tif;png;wav;mfcribbon-ms</Extensions>
    </Filter>
    <Filter Include="Resource Files\Source Files">
      <UniqueIdentifier>{4FC737F1-C7A5-4376-A066-2A32D752A2FF}</UniqueIdentifier>
      <Extensions>cpp;c;cc;cxx;def;odl;idl;hpj;bat;asm;asmx</Extensions>
    </Filter>
    <Filter Include="Resource Files\Source Files\0. Questions">
      <UniqueIdentifier>{4e632fd3-f71a-44bd-8e29-50d58d8b5d10}</UniqueIdentifier>
    </Filter>
    <Filter Include="Resource Files\Source Files\1. Basic Syntax">
      <UniqueIdentifier>{9c26ca67-f287-441a-b278-4b94f2600f47}</UniqueIdentifier>
    </Filter>
    <Filter Include="Resource Files\Source Files\2. Defining Functions">
      <UniqueIdentifier>{21659c1c-e24c-433f-b39d-0ca71fda9f12}</UniqueIdentifier>
    </Filter>
    <Filter Include="Resource Files\Source Files\3. The Preprocessor">
      <UniqueIdentifier>{4d817f4b-aa93-4d59-81bb-77a89495ff8c}</UniqueIdentifier>
    </Filter>
    <Filter Include="Resource Files\Source Files\4. Classes and Objects">
      <UniqueIdentifier>{bce872ea-82dc-4b7a-9eea-7cdbce7c0ef8}</UniqueIdentifier>
    </Filter>
    <Filter Include="Resource Files\Source Files\5. Data Types">
      <UniqueIdentifier>{9899955e-b6d9-4553-a527-2e265f31e43d}</UniqueIdentifier>
    </Filter>
    <Filter Include="Resource Files\Source Files\6. Operators">
      <UniqueIdentifier>{1cdea61a-f401-4752-b673-17b3acbcee4a}</UniqueIdentifier>
    </Filter>
    <Filter Include="Resource Files\Source Files\7. Object Inheritance %28polymorphic%29">
      <UniqueIdentifier>{9ef82c5b-2029-4b0b-a514-bc4618e5f174}</UniqueIdentifier>
    </Filter>
    <Filter Include="Resource Files\Source Files\8. Template">
      <UniqueIdentifier>{16fe67ed-672c-4042-904f-ff5917784828}</UniqueIdentifier>
    </Filter>
    <Filter Include="Resource Files\Source Files\9. Stanard Library %28SL%29">
      <UniqueIdentifier>{343f93d2-80b4-471e-91a4-0390ceb82c41}</UniqueIdentifier>
    </Filter>
    <Filter Include="Resource Files\Source Files\10. Standard Template Library %28STL%29">
      <UniqueIdentifier>{14e3d601-5294-4ea5-b05f-30e5682dddcf}</UniqueIdentifier>
    </Filter>
    <Filter Include="Resource Files\Source Files\Other.">
      <UniqueIdentifier>{d02d8b79-4feb-498f-b9d5-6e9c76ad34c9}</UniqueIdentifier>
    </Filter>
    <Filter Include="Resource Files\Source Files\11. Casts">
      <UniqueIdentifier>{5a8645b0-ed16-48bf-8954-565121aa4a0d}</UniqueIdentifier>
    </Filter>
    <Filter Include="Resource Files\Source Files\12. Smart Pointers">
      <UniqueIdentifier>{99627aa7-66c2-457a-a953-8973450db5d6}</UniqueIdentifier>
    </Filter>
    <Filter Include="Resource Files\Source Files\13. Move Semantics">
      <UniqueIdentifier>{333e8246-d8c5-4f91-afe9-719ebca5df86}</UniqueIdentifier>
    </Filter>
    <Filter Include="Resource Files\Source Files\14. Threads and Concurrent Programming">
      <UniqueIdentifier>{30df58f2-3d28-4522-af04-2f544798da0a}</UniqueIdentifier>
    </Filter>
    <Filter Include="Resource Files\Source Files\14. Threads and Concurrent Programming\ThreadManagement">
      <UniqueIdentifier>{8f0f7a55-b3e0-4630-9a65-df28993b7d8f}</UniqueIdentifier>
    </Filter>
  </ItemGroup>
  <ItemGroup>
    <ClCompile Include="Main.cpp">
      <Filter>Resource Files\Source Files</Filter>
    </ClCompile>
    <ClCompile Include="ArraysAndCStrings.cpp">
      <Filter>Resource Files\Source Files\1. Basic Syntax</Filter>
    </ClCompile>
    <ClCompile Include="BasicClass.cpp">
      <Filter>Resource Files\Source Files\4. Classes and Objects</Filter>
    </ClCompile>
    <ClCompile Include="ClassExceptions.cpp">
      <Filter>Resource Files\Source Files\4. Classes and Objects</Filter>
    </ClCompile>
    <ClCompile Include="ClassOperatorOverloads.cpp">
      <Filter>Resource Files\Source Files\4. Classes and Objects</Filter>
    </ClCompile>
    <ClCompile Include="CommonOps.cpp">
      <Filter>Resource Files\Source Files\6. Operators</Filter>
    </ClCompile>
    <ClCompile Include="CondDir and Paramet Macros.cpp">
      <Filter>Resource Files\Source Files\3. The Preprocessor</Filter>
    </ClCompile>
    <ClCompile Include="Constructors(ruleof3).cpp">
      <Filter>Resource Files\Source Files\4. Classes and Objects</Filter>
    </ClCompile>
    <ClCompile Include="ConstSafe.cpp">
      <Filter>Resource Files\Source Files\4. Classes and Objects</Filter>
    </ClCompile>
    <ClCompile Include="ConversionOperator.cpp">
      <Filter>Resource Files\Source Files\4. Classes and Objects</Filter>
    </ClCompile>
    <ClCompile Include="Demos.cpp">
      <Filter>Resource Files\Source Files\0. Questions</Filter>
    </ClCompile>
    <ClCompile Include="extraPtrsAndRefs.cpp">
      <Filter>Resource Files\Source Files\1. Basic Syntax</Filter>
    </ClCompile>
    <ClCompile Include="exceptions.cpp">
      <Filter>Resource Files\Source Files\10. Standard Template Library %28STL%29</Filter>
    </ClCompile>
    <ClCompile Include="FunctionBasicReview.cpp">
      <Filter>Resource Files\Source Files\2. Defining Functions</Filter>
    </ClCompile>
    <ClCompile Include="TertiaryConditionalExpression.cpp">
      <Filter>Resource Files\Source Files\6. Operators</Filter>
    </ClCompile>
    <ClCompile Include="FloatType.cpp">
      <Filter>Resource Files\Source Files\5. Data Types</Filter>
    </ClCompile>
    <ClCompile Include="Implicit Explicit.cpp">
      <Filter>Resource Files\Source Files\4. Classes and Objects</Filter>
    </ClCompile>
    <ClCompile Include="maps.cpp">
      <Filter>Resource Files\Source Files\10. Standard Template Library %28STL%29</Filter>
    </ClCompile>
    <ClCompile Include="pairs.cpp">
      <Filter>Resource Files\Source Files\10. Standard Template Library %28STL%29</Filter>
    </ClCompile>
    <ClCompile Include="CppSwitches.cpp">
      <Filter>Resource Files\Source Files\1. Basic Syntax</Filter>
    </ClCompile>
    <ClCompile Include="ConstVariables.cpp">
      <Filter>Resource Files\Source Files\1. Basic Syntax</Filter>
    </ClCompile>
    <ClCompile Include="lineCont.cpp">
      <Filter>Resource Files\Source Files\3. The Preprocessor</Filter>
    </ClCompile>
    <ClCompile Include="IntDataType.cpp">
      <Filter>Resource Files\Source Files\5. Data Types</Filter>
    </ClCompile>
    <ClCompile Include="functor.cpp">
      <Filter>Resource Files\Source Files\4. Classes and Objects</Filter>
    </ClCompile>
    <ClCompile Include="Escape sequences.cpp">
      <Filter>Resource Files\Source Files\5. Data Types</Filter>
    </ClCompile>
    <ClCompile Include="includeGaurd.cpp">
      <Filter>Resource Files\Source Files\3. The Preprocessor</Filter>
    </ClCompile>
    <ClCompile Include="macroconstants.cpp">
      <Filter>Resource Files\Source Files\3. The Preprocessor</Filter>
    </ClCompile>
    <ClCompile Include="lists.cpp">
      <Filter>Resource Files\Source Files\10. Standard Template Library %28STL%29</Filter>
    </ClCompile>
    <ClCompile Include="cstringexample.cpp">
      <Filter>Resource Files\Source Files\5. Data Types</Filter>
    </ClCompile>
    <ClCompile Include="enum.cpp">
      <Filter>Resource Files\Source Files\5. Data Types</Filter>
    </ClCompile>
    <ClCompile Include="IO - files.cpp">
      <Filter>Resource Files\Source Files\10. Standard Template Library %28STL%29</Filter>
    </ClCompile>
    <ClCompile Include="IO - input with cin.cpp">
      <Filter>Resource Files\Source Files\10. Standard Template Library %28STL%29</Filter>
    </ClCompile>
    <ClCompile Include="IO - output with cout.cpp">
      <Filter>Resource Files\Source Files\10. Standard Template Library %28STL%29</Filter>
    </ClCompile>
    <ClCompile Include="IntegerW.cpp">
      <Filter>Resource Files\Source Files\6. Operators</Filter>
    </ClCompile>
    <ClCompile Include="FunctionParameterReviewcpp.cpp">
      <Filter>Resource Files\Source Files\2. Defining Functions</Filter>
    </ClCompile>
    <ClCompile Include="FunctionPointers.cpp">
      <Filter>Resource Files\Source Files\2. Defining Functions</Filter>
    </ClCompile>
    <ClCompile Include="includeDirective.cpp">
      <Filter>Resource Files\Source Files\3. The Preprocessor</Filter>
    </ClCompile>
    <ClCompile Include="nullptr.cpp">
      <Filter>Resource Files\Source Files\5. Data Types</Filter>
    </ClCompile>
    <ClCompile Include="autokeyword.cpp">
      <Filter>Resource Files\Source Files\5. Data Types</Filter>
    </ClCompile>
    <ClCompile Include="iterators.cpp">
      <Filter>Resource Files\Source Files\10. Standard Template Library %28STL%29</Filter>
    </ClCompile>
    <ClCompile Include="namespaces.cpp">
      <Filter>Resource Files\Source Files\4. Classes and Objects</Filter>
    </ClCompile>
    <ClCompile Include="NewDelete.cpp">
      <Filter>Resource Files\Source Files\4. Classes and Objects</Filter>
    </ClCompile>
    <ClCompile Include="queuedeque.cpp">
      <Filter>Resource Files\Source Files\10. Standard Template Library %28STL%29</Filter>
    </ClCompile>
    <ClCompile Include="References2.cpp">
      <Filter>Resource Files\Source Files\5. Data Types</Filter>
    </ClCompile>
    <ClCompile Include="References.cpp">
      <Filter>Resource Files\Source Files\5. Data Types</Filter>
    </ClCompile>
    <ClCompile Include="Practice_ClassOpOverload2.cpp">
      <Filter>Resource Files\Source Files\4. Classes and Objects</Filter>
    </ClCompile>
    <ClCompile Include="ParamMacroCaveat.cpp">
      <Filter>Resource Files\Source Files\3. The Preprocessor</Filter>
    </ClCompile>
    <ClCompile Include="printf.cpp">
      <Filter>Resource Files\Source Files\1. Basic Syntax</Filter>
    </ClCompile>
    <ClCompile Include="Pointers.cpp">
      <Filter>Resource Files\Source Files\1. Basic Syntax</Filter>
    </ClCompile>
    <ClCompile Include="stacks.cpp">
      <Filter>Resource Files\Source Files\10. Standard Template Library %28STL%29</Filter>
    </ClCompile>
    <ClCompile Include="sets.cpp">
      <Filter>Resource Files\Source Files\10. Standard Template Library %28STL%29</Filter>
    </ClCompile>
    <ClCompile Include="Qualifiers.cpp">
      <Filter>Resource Files\Source Files\5. Data Types</Filter>
    </ClCompile>
    <ClCompile Include="union.cpp">
      <Filter>Resource Files\Source Files\5. Data Types</Filter>
    </ClCompile>
    <ClCompile Include="Operator Functions (operator overloading).cpp">
      <Filter>Resource Files\Source Files\2. Defining Functions</Filter>
    </ClCompile>
    <ClCompile Include="StaticVsAutomaticStorage.cpp">
      <Filter>Resource Files\Source Files\2. Defining Functions</Filter>
    </ClCompile>
    <ClCompile Include="Variadic.cpp">
      <Filter>Resource Files\Source Files\2. Defining Functions</Filter>
    </ClCompile>
    <ClCompile Include="Structures.cpp">
      <Filter>Resource Files\Source Files\4. Classes and Objects</Filter>
    </ClCompile>
    <ClCompile Include="stringstreams.cpp">
      <Filter>Resource Files\Source Files\10. Standard Template Library %28STL%29</Filter>
    </ClCompile>
    <ClCompile Include="String.cpp">
      <Filter>Resource Files\Source Files\10. Standard Template Library %28STL%29</Filter>
    </ClCompile>
    <ClCompile Include="TwoDtors.cpp">
      <Filter>Resource Files\Source Files\0. Questions</Filter>
    </ClCompile>
    <ClCompile Include="TypeID.cpp">
      <Filter>Resource Files\Source Files\6. Operators</Filter>
    </ClCompile>
    <ClCompile Include="Typedef.cpp">
      <Filter>Resource Files\Source Files\5. Data Types</Filter>
    </ClCompile>
    <ClCompile Include="sizeofkeyword.cpp">
      <Filter>Resource Files\Source Files\6. Operators</Filter>
    </ClCompile>
    <ClCompile Include="ThisKeyword.cpp">
      <Filter>Resource Files\Source Files\4. Classes and Objects</Filter>
    </ClCompile>
    <ClCompile Include="trycatchinitializer.cpp">
      <Filter>Resource Files\Source Files\4. Classes and Objects</Filter>
    </ClCompile>
    <ClCompile Include="StructsWithBitfields.cpp">
      <Filter>Resource Files\Source Files\5. Data Types</Filter>
    </ClCompile>
    <ClCompile Include="TwoFileClass.cpp">
      <Filter>Resource Files\Source Files\4. Classes and Objects</Filter>
    </ClCompile>
    <ClCompile Include="vector.cpp">
      <Filter>Resource Files\Source Files\10. Standard Template Library %28STL%29</Filter>
    </ClCompile>
    <ClCompile Include="DummyClass.cpp">
      <Filter>Resource Files\Source Files\Other.</Filter>
    </ClCompile>
    <ClCompile Include="Simple Inheritance.cpp">
      <Filter>Resource Files\Source Files\7. Object Inheritance %28polymorphic%29</Filter>
    </ClCompile>
    <ClCompile Include="DynamicCast vs Typeid.cpp">
      <Filter>Resource Files\Source Files\7. Object Inheritance %28polymorphic%29</Filter>
    </ClCompile>
    <ClCompile Include="FriendAllowingInheritance.cpp">
      <Filter>Resource Files\Source Files\7. Object Inheritance %28polymorphic%29</Filter>
    </ClCompile>
    <ClCompile Include="InheritanceConstructorsDestructors.cpp">
      <Filter>Resource Files\Source Files\7. Object Inheritance %28polymorphic%29</Filter>
    </ClCompile>
    <ClCompile Include="Virtual.cpp">
      <Filter>Resource Files\Source Files\7. Object Inheritance %28polymorphic%29</Filter>
    </ClCompile>
    <ClCompile Include="MultipleInheritance.cpp">
      <Filter>Resource Files\Source Files\7. Object Inheritance %28polymorphic%29</Filter>
    </ClCompile>
    <ClCompile Include="FieldMethodAccessANDvirtual.cpp">
      <Filter>Resource Files\Source Files\7. Object Inheritance %28polymorphic%29</Filter>
    </ClCompile>
    <ClCompile Include="reinterpretcast.cpp">
      <Filter>Resource Files\Source Files\11. Casts</Filter>
    </ClCompile>
    <ClCompile Include="AbstractFunctions (pure virtual).cpp">
      <Filter>Resource Files\Source Files\7. Object Inheritance %28polymorphic%29</Filter>
    </ClCompile>
    <ClCompile Include="makingCppInterface.cpp">
      <Filter>Resource Files\Source Files\7. Object Inheritance %28polymorphic%29</Filter>
    </ClCompile>
    <ClCompile Include="sketch.cpp">
      <Filter>Resource Files</Filter>
    </ClCompile>
    <ClCompile Include="staticcast.cpp">
      <Filter>Resource Files\Source Files\11. Casts</Filter>
    </ClCompile>
    <ClCompile Include="inline.cpp">
      <Filter>Resource Files\Source Files\2. Defining Functions</Filter>
    </ClCompile>
    <ClCompile Include="typeidRTTI.cpp">
      <Filter>Resource Files\Source Files\11. Casts</Filter>
    </ClCompile>
    <ClCompile Include="dynamiccastcpp.cpp">
      <Filter>Resource Files\Source Files\11. Casts</Filter>
    </ClCompile>
    <ClCompile Include="constcast.cpp">
      <Filter>Resource Files\Source Files\11. Casts</Filter>
    </ClCompile>
    <ClCompile Include="CstyleCast.cpp">
      <Filter>Resource Files\Source Files\11. Casts</Filter>
    </ClCompile>
    <ClCompile Include="GenericFunctions%28Templates%29.cpp">
      <Filter>Resource Files\Source Files\8. Template</Filter>
    </ClCompile>
    <ClCompile Include="GenericFunctionsRTTI.cpp">
      <Filter>Resource Files\Source Files\8. Template</Filter>
    </ClCompile>
    <ClCompile Include="TemplateClassStack.cpp">
      <Filter>Resource Files\Source Files\8. Template</Filter>
    </ClCompile>
    <ClCompile Include="cfiles.cpp">
      <Filter>Resource Files\Source Files\9. Stanard Library %28SL%29</Filter>
    </ClCompile>
    <ClCompile Include="cbinaryfiles.cpp">
      <Filter>Resource Files\Source Files\9. Stanard Library %28SL%29</Filter>
    </ClCompile>
    <ClCompile Include="file-renamedelete.cpp">
      <Filter>Resource Files\Source Files\9. Stanard Library %28SL%29</Filter>
    </ClCompile>
    <ClCompile Include="fgetsfputs.cpp">
      <Filter>Resource Files\Source Files\9. Stanard Library %28SL%29</Filter>
    </ClCompile>
    <ClCompile Include="printf variants.cpp">
      <Filter>Resource Files\Source Files\9. Stanard Library %28SL%29</Filter>
    </ClCompile>
    <ClCompile Include="cstringfunctions.cpp">
      <Filter>Resource Files\Source Files\9. Stanard Library %28SL%29</Filter>
    </ClCompile>
    <ClCompile Include="c system errors - errno.cpp">
      <Filter>Resource Files\Source Files\9. Stanard Library %28SL%29</Filter>
    </ClCompile>
    <ClCompile Include="time.cpp">
      <Filter>Resource Files\Source Files\9. Stanard Library %28SL%29</Filter>
    </ClCompile>
    <ClCompile Include="decltype.cpp">
      <Filter>Resource Files\Source Files\8. Template</Filter>
    </ClCompile>
    <ClCompile Include="copyinstance.cpp">
      <Filter>Resource Files\Source Files\8. Template</Filter>
    </ClCompile>
    <ClCompile Include="verboseclasses.cpp">
      <Filter>Resource Files\Source Files\12. Smart Pointers</Filter>
    </ClCompile>
    <ClCompile Include="uniqueptr.cpp">
      <Filter>Resource Files\Source Files\12. Smart Pointers</Filter>
    </ClCompile>
    <ClCompile Include="sharedptrs.cpp">
      <Filter>Resource Files\Source Files\12. Smart Pointers</Filter>
    </ClCompile>
    <ClCompile Include="weakptrs.cpp">
      <Filter>Resource Files\Source Files\12. Smart Pointers</Filter>
    </ClCompile>
    <ClCompile Include="customDeleter.cpp">
      <Filter>Resource Files\Source Files\12. Smart Pointers</Filter>
    </ClCompile>
    <ClCompile Include="stdmove.cpp">
      <Filter>Resource Files\Source Files\13. Move Semantics</Filter>
    </ClCompile>
    <ClCompile Include="MoveCtor.cpp">
      <Filter>Resource Files\Source Files\13. Move Semantics</Filter>
    </ClCompile>
    <ClCompile Include="MoveAssignment.cpp">
      <Filter>Resource Files\Source Files\13. Move Semantics</Filter>
    </ClCompile>
    <ClCompile Include="copyandswap.cpp">
      <Filter>Resource Files\Source Files\13. Move Semantics</Filter>
    </ClCompile>
    <ClCompile Include="ThreadManagement_RAII.cpp">
      <Filter>Resource Files\Source Files\14. Threads and Concurrent Programming\ThreadManagement</Filter>
    </ClCompile>
    <ClCompile Include="ThreadManagement_TRYCATCH.cpp">
      <Filter>Resource Files\Source Files\14. Threads and Concurrent Programming\ThreadManagement</Filter>
    </ClCompile>
    <ClCompile Include="ThreadManagment_ID_hardware.cpp">
      <Filter>Resource Files\Source Files\14. Threads and Concurrent Programming\ThreadManagement</Filter>
    </ClCompile>
    <ClCompile Include="OnceFlag.cpp">
      <Filter>Resource Files\Source Files\14. Threads and Concurrent Programming</Filter>
    </ClCompile>
    <ClCompile Include="1. thread.cpp">
      <Filter>Resource Files\Source Files\14. Threads and Concurrent Programming</Filter>
    </ClCompile>
    <ClCompile Include="2. aThreadManagement_References.cpp">
      <Filter>Resource Files\Source Files\14. Threads and Concurrent Programming</Filter>
    </ClCompile>
    <ClCompile Include="3. MutexAndLockguards.cpp">
      <Filter>Resource Files\Source Files\14. Threads and Concurrent Programming</Filter>
    </ClCompile>
    <ClCompile Include="4. avoidingdeadlock.cpp">
      <Filter>Resource Files\Source Files\14. Threads and Concurrent Programming</Filter>
    </ClCompile>
    <ClCompile Include="5. UniqueLock.cpp">
      <Filter>Resource Files\Source Files\14. Threads and Concurrent Programming</Filter>
    </ClCompile>
    <ClCompile Include="6. ConditionalThread.cpp">
      <Filter>Resource Files\Source Files\14. Threads and Concurrent Programming</Filter>
    </ClCompile>
    <ClCompile Include="7. FuturePromiseAsync.cpp">
      <Filter>Resource Files\Source Files\14. Threads and Concurrent Programming</Filter>
    </ClCompile>
    <ClCompile Include="8. usingMemberFunctionsInThreads.cpp">
      <Filter>Resource Files\Source Files\14. Threads and Concurrent Programming</Filter>
    </ClCompile>
    <ClCompile Include="9. PackagedTask.cpp">
      <Filter>Resource Files\Source Files\14. Threads and Concurrent Programming</Filter>
    </ClCompile>
    <ClCompile Include="GoToDemo.cpp">
      <Filter>Resource Files\Source Files\Other.</Filter>
    </ClCompile>
    <ClCompile Include="polyMorphCompare.hpp">
      <Filter>Resource Files\Source Files\Other.</Filter>
    </ClCompile>
    <ClCompile Include="HowToFowardDeclareNamespaceFunctions.cpp">
      <Filter>Resource Files\Source Files\Other.</Filter>
    </ClCompile>
    <ClCompile Include="intro_template_specializations.cpp">
      <Filter>Resource Files\Source Files\Other.</Filter>
    </ClCompile>
    <ClCompile Include="AcceleratedCPP\ch3.cpp">
      <Filter>Resource Files\Source Files</Filter>
    </ClCompile>
    <ClCompile Include="AcceleratedCPP\ch5.cpp">
      <Filter>Resource Files\Source Files</Filter>
    </ClCompile>
    <ClCompile Include="AcceleratedCPP\playing_with_allocators.cpp">
      <Filter>Resource Files\Source Files</Filter>
    </ClCompile>
    <ClCompile Include="AcceleratedCPP\template_optional_instantiation.cpp">
      <Filter>Resource Files\Source Files</Filter>
    </ClCompile>
    <ClCompile Include="E_modern_cpp\TemplateTypeDeduction.cpp">
      <Filter>Resource Files\Source Files</Filter>
    </ClCompile>
    <ClCompile Include="E_modern_cpp\AutoTypeDeduction.cpp">
      <Filter>Resource Files\Source Files</Filter>
    </ClCompile>
    <ClCompile Include="E_modern_cpp\decltype_modern.cpp">
      <Filter>Resource Files\Source Files</Filter>
    </ClCompile>
  </ItemGroup>
  <ItemGroup>
    <ClInclude Include="resource.h">
      <Filter>Header Files</Filter>
    </ClInclude>
    <ClInclude Include="macros.hpp">
      <Filter>Resource Files\Source Files\3. The Preprocessor</Filter>
    </ClInclude>
    <ClInclude Include="IntegerW.hpp">
      <Filter>Resource Files\Source Files\6. Operators</Filter>
    </ClInclude>
    <ClInclude Include="TwoFileClass.hpp">
      <Filter>Resource Files\Source Files\4. Classes and Objects</Filter>
    </ClInclude>
    <ClInclude Include="DummyClass.h">
      <Filter>Resource Files\Source Files\Other.</Filter>
    </ClInclude>
    <ClInclude Include="inhert.hpp">
      <Filter>Resource Files\Source Files\4. Classes and Objects</Filter>
    </ClInclude>
    <ClInclude Include="TemplateClassStack.hpp">
      <Filter>Resource Files\Source Files\8. Template</Filter>
    </ClInclude>
    <ClInclude Include="copyinstance.hpp">
      <Filter>Resource Files\Source Files\8. Template</Filter>
    </ClInclude>
    <ClInclude Include="verboseclasses.h">
      <Filter>Resource Files\Source Files\12. Smart Pointers</Filter>
    </ClInclude>
    <ClInclude Include="RAII_ThreadDtorJoin.hpp">
      <Filter>Resource Files\Source Files\14. Threads and Concurrent Programming</Filter>
    </ClInclude>
    <ClInclude Include="JakesQuestionOnFields.h">
      <Filter>Resource Files\Source Files\Other.</Filter>
    </ClInclude>
    <ClInclude Include="FriendAndInheritance.h">
      <Filter>Resource Files\Source Files\Other.</Filter>
    </ClInclude>
  </ItemGroup>
  <ItemGroup>
    <Text Include="test.txt" />
    <Text Include="testFile.txt" />
    <Text Include="10. SelfTest.txt">
      <Filter>Resource Files\Source Files\10. Standard Template Library %28STL%29</Filter>
    </Text>
  </ItemGroup>
</Project>