<?xml version="1.0" encoding="utf-8"?>
<Project ToolsVersion="4.0" xmlns="http://schemas.microsoft.com/developer/msbuild/2003">
  <ItemGroup>
    <Filter Include="Source Files">
      <UniqueIdentifier>{4FC737F1-C7A5-4376-A066-2A32D752A2FF}</UniqueIdentifier>
      <Extensions>cpp;c;cc;cxx;def;odl;idl;hpj;bat;asm;asmx</Extensions>
    </Filter>
    <Filter Include="Header Files">
      <UniqueIdentifier>{93995380-89BD-4b04-88EB-625FBE52EBFB}</UniqueIdentifier>
      <Extensions>h;hh;hpp;hxx;hm;inl;inc;xsd</Extensions>
    </Filter>
    <Filter Include="Resource Files">
      <UniqueIdentifier>{67DA6AB6-F800-4c08-8B7A-83BB121AAD01}</UniqueIdentifier>
      <Extensions>rc;ico;cur;bmp;dlg;rc2;rct;bin;rgs;gif;jpg;jpeg;jpe;resx;tiff;tif;png;wav;mfcribbon-ms</Extensions>
    </Filter>
    <Filter Include="Source Files\0. Questions">
      <UniqueIdentifier>{4e632fd3-f71a-44bd-8e29-50d58d8b5d10}</UniqueIdentifier>
    </Filter>
    <Filter Include="Source Files\1.">
      <UniqueIdentifier>{9c26ca67-f287-441a-b278-4b94f2600f47}</UniqueIdentifier>
    </Filter>
    <Filter Include="Source Files\2.">
      <UniqueIdentifier>{21659c1c-e24c-433f-b39d-0ca71fda9f12}</UniqueIdentifier>
    </Filter>
    <Filter Include="Source Files\3. The Preprocessor">
      <UniqueIdentifier>{4d817f4b-aa93-4d59-81bb-77a89495ff8c}</UniqueIdentifier>
    </Filter>
    <Filter Include="Source Files\4. Classes and Objects">
      <UniqueIdentifier>{bce872ea-82dc-4b7a-9eea-7cdbce7c0ef8}</UniqueIdentifier>
    </Filter>
    <Filter Include="Source Files\5. Data Types">
      <UniqueIdentifier>{9899955e-b6d9-4553-a527-2e265f31e43d}</UniqueIdentifier>
    </Filter>
    <Filter Include="Source Files\6. Operators">
      <UniqueIdentifier>{1cdea61a-f401-4752-b673-17b3acbcee4a}</UniqueIdentifier>
    </Filter>
    <Filter Include="Source Files\7. Object Inheritance %28polymorphic%29">
      <UniqueIdentifier>{9ef82c5b-2029-4b0b-a514-bc4618e5f174}</UniqueIdentifier>
    </Filter>
    <Filter Include="Source Files\8. Template">
      <UniqueIdentifier>{16fe67ed-672c-4042-904f-ff5917784828}</UniqueIdentifier>
    </Filter>
    <Filter Include="Source Files\9. Stanard Library %28SL%29">
      <UniqueIdentifier>{343f93d2-80b4-471e-91a4-0390ceb82c41}</UniqueIdentifier>
    </Filter>
    <Filter Include="Source Files\10. Standard Template Library %28STL%29">
      <UniqueIdentifier>{14e3d601-5294-4ea5-b05f-30e5682dddcf}</UniqueIdentifier>
    </Filter>
  </ItemGroup>
  <ItemGroup>
    <ClCompile Include="ArraysAndCStrings.cpp">
      <Filter>Source Files</Filter>
    </ClCompile>
    <ClCompile Include="autokeyword.cpp">
      <Filter>Source Files</Filter>
    </ClCompile>
    <ClCompile Include="BasicClass.cpp">
      <Filter>Source Files</Filter>
    </ClCompile>
    <ClCompile Include="ClassExceptions.cpp">
      <Filter>Source Files</Filter>
    </ClCompile>
    <ClCompile Include="ClassOperatorOverloads.cpp">
      <Filter>Source Files</Filter>
    </ClCompile>
    <ClCompile Include="CommonOperators.cpp">
      <Filter>Source Files</Filter>
    </ClCompile>
    <ClCompile Include="CommonOps.cpp">
      <Filter>Source Files</Filter>
    </ClCompile>
    <ClCompile Include="CondDir and Paramet Macros.cpp">
      <Filter>Source Files</Filter>
    </ClCompile>
    <ClCompile Include="Constructors(ruleof3).cpp">
      <Filter>Source Files</Filter>
    </ClCompile>
    <ClCompile Include="ConstSafe.cpp">
      <Filter>Source Files</Filter>
    </ClCompile>
    <ClCompile Include="ConstVariables.cpp">
      <Filter>Source Files</Filter>
    </ClCompile>
    <ClCompile Include="ConversionOperator.cpp">
      <Filter>Source Files</Filter>
    </ClCompile>
    <ClCompile Include="CppSwitches.cpp">
      <Filter>Source Files</Filter>
    </ClCompile>
    <ClCompile Include="cstringexample.cpp">
      <Filter>Source Files</Filter>
    </ClCompile>
    <ClCompile Include="Demos.cpp">
      <Filter>Source Files</Filter>
    </ClCompile>
    <ClCompile Include="DummyClass.cpp">
      <Filter>Source Files</Filter>
    </ClCompile>
    <ClCompile Include="DynamicCast vs Typeidcpp.cpp">
      <Filter>Source Files</Filter>
    </ClCompile>
    <ClCompile Include="enum.cpp">
      <Filter>Source Files</Filter>
    </ClCompile>
    <ClCompile Include="Escape sequences.cpp">
      <Filter>Source Files</Filter>
    </ClCompile>
    <ClCompile Include="exceptions.cpp">
      <Filter>Source Files</Filter>
    </ClCompile>
    <ClCompile Include="extraPtrsAndRefs.cpp">
      <Filter>Source Files</Filter>
    </ClCompile>
    <ClCompile Include="FloatType.cpp">
      <Filter>Source Files</Filter>
    </ClCompile>
    <ClCompile Include="FunctionBasicReview.cpp">
      <Filter>Source Files</Filter>
    </ClCompile>
    <ClCompile Include="FunctionParameterReviewcpp.cpp">
      <Filter>Source Files</Filter>
    </ClCompile>
    <ClCompile Include="FunctionPointers.cpp">
      <Filter>Source Files</Filter>
    </ClCompile>
    <ClCompile Include="functor.cpp">
      <Filter>Source Files</Filter>
    </ClCompile>
    <ClCompile Include="Implicit Explicit.cpp">
      <Filter>Source Files</Filter>
    </ClCompile>
    <ClCompile Include="includeDirective.cpp">
      <Filter>Source Files</Filter>
    </ClCompile>
    <ClCompile Include="includeGaurd.cpp">
      <Filter>Source Files</Filter>
    </ClCompile>
    <ClCompile Include="IntDataType.cpp">
      <Filter>Source Files</Filter>
    </ClCompile>
    <ClCompile Include="IntegerW.cpp">
      <Filter>Source Files</Filter>
    </ClCompile>
    <ClCompile Include="IO - files.cpp">
      <Filter>Source Files</Filter>
    </ClCompile>
    <ClCompile Include="IO - input with cin.cpp">
      <Filter>Source Files</Filter>
    </ClCompile>
    <ClCompile Include="IO - output with cout.cpp">
      <Filter>Source Files</Filter>
    </ClCompile>
    <ClCompile Include="iterators.cpp">
      <Filter>Source Files</Filter>
    </ClCompile>
    <ClCompile Include="lineCont.cpp">
      <Filter>Source Files</Filter>
    </ClCompile>
    <ClCompile Include="lists.cpp">
      <Filter>Source Files</Filter>
    </ClCompile>
    <ClCompile Include="macroconstants.cpp">
      <Filter>Source Files</Filter>
    </ClCompile>
    <ClCompile Include="Main.cpp">
      <Filter>Source Files</Filter>
    </ClCompile>
    <ClCompile Include="maps.cpp">
      <Filter>Source Files</Filter>
    </ClCompile>
    <ClCompile Include="namespaces.cpp">
      <Filter>Source Files</Filter>
    </ClCompile>
    <ClCompile Include="NewDelete.cpp">
      <Filter>Source Files</Filter>
    </ClCompile>
    <ClCompile Include="nullptr.cpp">
      <Filter>Source Files</Filter>
    </ClCompile>
    <ClCompile Include="Operator Functions (operator overloading).cpp">
      <Filter>Source Files</Filter>
    </ClCompile>
    <ClCompile Include="pairs.cpp">
      <Filter>Source Files</Filter>
    </ClCompile>
    <ClCompile Include="ParamMacroCaveat.cpp">
      <Filter>Source Files</Filter>
    </ClCompile>
    <ClCompile Include="Pointers.cpp">
      <Filter>Source Files</Filter>
    </ClCompile>
    <ClCompile Include="Practice_ClassOpOverload2.cpp">
      <Filter>Source Files</Filter>
    </ClCompile>
    <ClCompile Include="printf.cpp">
      <Filter>Source Files</Filter>
    </ClCompile>
    <ClCompile Include="Qualifiers.cpp">
      <Filter>Source Files</Filter>
    </ClCompile>
    <ClCompile Include="queuedeque.cpp">
      <Filter>Source Files</Filter>
    </ClCompile>
    <ClCompile Include="References.cpp">
      <Filter>Source Files</Filter>
    </ClCompile>
    <ClCompile Include="References2.cpp">
      <Filter>Source Files</Filter>
    </ClCompile>
    <ClCompile Include="sets.cpp">
      <Filter>Source Files</Filter>
    </ClCompile>
    <ClCompile Include="SimpleCLassTwoFiles.cpp">
      <Filter>Source Files</Filter>
    </ClCompile>
    <ClCompile Include="sizeofkeyword.cpp">
      <Filter>Source Files</Filter>
    </ClCompile>
    <ClCompile Include="stacks.cpp">
      <Filter>Source Files</Filter>
    </ClCompile>
    <ClCompile Include="StaticVsAutomaticStorage.cpp">
      <Filter>Source Files</Filter>
    </ClCompile>
    <ClCompile Include="String.cpp">
      <Filter>Source Files</Filter>
    </ClCompile>
    <ClCompile Include="stringstreams.cpp">
      <Filter>Source Files</Filter>
    </ClCompile>
    <ClCompile Include="StructsWithBitfields.cpp">
      <Filter>Source Files</Filter>
    </ClCompile>
    <ClCompile Include="Structures.cpp">
      <Filter>Source Files</Filter>
    </ClCompile>
    <ClCompile Include="TertiaryConditionalExpression.cpp">
      <Filter>Source Files</Filter>
    </ClCompile>
    <ClCompile Include="ThisKeyword.cpp">
      <Filter>Source Files</Filter>
    </ClCompile>
    <ClCompile Include="trycatchinitializer.cpp">
      <Filter>Source Files</Filter>
    </ClCompile>
    <ClCompile Include="TwoDtors.cpp">
      <Filter>Source Files</Filter>
    </ClCompile>
    <ClCompile Include="TwoFileClass.cpp">
      <Filter>Source Files</Filter>
    </ClCompile>
    <ClCompile Include="Typedef.cpp">
      <Filter>Source Files</Filter>
    </ClCompile>
    <ClCompile Include="TypeID.cpp">
      <Filter>Source Files</Filter>
    </ClCompile>
    <ClCompile Include="union.cpp">
      <Filter>Source Files</Filter>
    </ClCompile>
    <ClCompile Include="Variadic.cpp">
      <Filter>Source Files</Filter>
    </ClCompile>
    <ClCompile Include="vector.cpp">
      <Filter>Source Files</Filter>
    </ClCompile>
  </ItemGroup>
  <ItemGroup>
    <ClInclude Include="DummyClass.h">
      <Filter>Header Files</Filter>
    </ClInclude>
    <ClInclude Include="IntegerW.hpp">
      <Filter>Header Files</Filter>
    </ClInclude>
    <ClInclude Include="macros.hpp">
      <Filter>Header Files</Filter>
    </ClInclude>
    <ClInclude Include="resource.h">
      <Filter>Header Files</Filter>
    </ClInclude>
    <ClInclude Include="SimpleClassTwoFiles.hpp">
      <Filter>Header Files</Filter>
    </ClInclude>
    <ClInclude Include="TwoFileClass.hpp">
      <Filter>Header Files</Filter>
    </ClInclude>
  </ItemGroup>
  <ItemGroup>
    <Text Include="test.txt" />
    <Text Include="testFile.txt" />
  </ItemGroup>
</Project>